
Microsoft Visual Studio Solution File, Format Version 12.00
# Visual Studio Version 17
VisualStudioVersion = 17.5.002.0
MinimumVisualStudioVersion = 10.0.40219.1
Project("{2150E333-8FDC-42A3-9474-1A3956D46DE8}") = "csharp-prep", "csharp-prep", "{44FCC5BC-BB59-412C-ABEF-5C67BEC09CC9}"
EndProject
Project("{9A19103F-16F7-4668-BE54-9A1E7A4F7556}") = "Prep1", "csharp-prep\Prep1\Prep1.csproj", "{9C64F816-4326-4AAC-BA49-3D831CF806B3}"
EndProject
Project("{9A19103F-16F7-4668-BE54-9A1E7A4F7556}") = "Prep2", "csharp-prep\Prep2\Prep2.csproj", "{6829BE4A-702A-4BE3-8AE6-C797706F8390}"
EndProject
Project("{9A19103F-16F7-4668-BE54-9A1E7A4F7556}") = "Prep3", "csharp-prep\Prep3\Prep3.csproj", "{18077954-5982-4310-A997-DA4C86C40072}"
EndProject
Project("{9A19103F-16F7-4668-BE54-9A1E7A4F7556}") = "Prep4", "csharp-prep\Prep4\Prep4.csproj", "{AE294D5F-0A47-4C4C-B67C-84DF336F996C}"
EndProject
Project("{9A19103F-16F7-4668-BE54-9A1E7A4F7556}") = "Prep5", "csharp-prep\Prep5\Prep5.csproj", "{373150CA-724F-46FC-A22C-6EACA32ECE38}"
EndProject
Project("{2150E333-8FDC-42A3-9474-1A3956D46DE8}") = "final", "final", "{80D8B91D-2819-4D9F-8D9B-14D53FE55DD0}"
EndProject
Project("{9A19103F-16F7-4668-BE54-9A1E7A4F7556}") = "FinalProject", "final\FinalProject\FinalProject.csproj", "{3E24BEF7-1098-4E4C-A348-2F9F9F1F753B}"
EndProject
Project("{9A19103F-16F7-4668-BE54-9A1E7A4F7556}") = "Foundation1", "final\Foundation1\Foundation1.csproj", "{27FE8813-4557-4074-921B-A29E6AF3AE25}"
EndProject
Project("{9A19103F-16F7-4668-BE54-9A1E7A4F7556}") = "Foundation2", "final\Foundation2\Foundation2.csproj", "{10EDDE86-88AB-44D5-AE20-1C2F20775BB9}"
EndProject
Project("{9A19103F-16F7-4668-BE54-9A1E7A4F7556}") = "Foundation3", "final\Foundation3\Foundation3.csproj", "{EDD2D6D4-4873-4C69-B8B5-D5B7A39B79DF}"
EndProject
Project("{9A19103F-16F7-4668-BE54-9A1E7A4F7556}") = "Foundation4", "final\Foundation4\Foundation4.csproj", "{95915D14-2835-4751-8083-382FCB3B1D65}"
EndProject
Project("{2150E333-8FDC-42A3-9474-1A3956D46DE8}") = "prepare", "prepare", "{C758648D-2768-455B-9A12-0DFA060C09E5}"
EndProject
Project("{9A19103F-16F7-4668-BE54-9A1E7A4F7556}") = "Learning02", "prepare\Learning02\Learning02.csproj", "{22EDBB6E-8315-472C-A5DC-119820DDF91B}"
EndProject
Project("{9A19103F-16F7-4668-BE54-9A1E7A4F7556}") = "Learning03", "prepare\Learning03\Learning03.csproj", "{F7CB003D-9DD7-4040-AFFC-A931DD627B8E}"
EndProject
Project("{9A19103F-16F7-4668-BE54-9A1E7A4F7556}") = "Learning04", "prepare\Learning04\Learning04.csproj", "{31C71897-012D-43D1-B810-CB6FD4561160}"
EndProject
Project("{9A19103F-16F7-4668-BE54-9A1E7A4F7556}") = "Learning05", "prepare\Learning05\Learning05.csproj", "{F96C3F5E-EC4E-4C9A-A4E1-AEF21B42BD8B}"
EndProject
Project("{2150E333-8FDC-42A3-9474-1A3956D46DE8}") = "prove", "prove", "{56B196EB-BF62-4C5F-8AAC-998BCE01BCFF}"
EndProject
Project("{9A19103F-16F7-4668-BE54-9A1E7A4F7556}") = "Develop02", "prove\Develop02\Develop02.csproj", "{5EC8399D-05BC-4833-838C-022E23554F5A}"
EndProject
Project("{9A19103F-16F7-4668-BE54-9A1E7A4F7556}") = "Develop03", "prove\Develop03\Develop03.csproj", "{1258949B-F130-4B55-BA36-CAF95D5B6C1D}"
EndProject
Project("{9A19103F-16F7-4668-BE54-9A1E7A4F7556}") = "Develop04", "prove\Develop04\Develop04.csproj", "{A68E8840-C1C4-41DD-AB7B-E06753670750}"
EndProject
Project("{9A19103F-16F7-4668-BE54-9A1E7A4F7556}") = "Develop05", "prove\Develop05\Develop05.csproj", "{82FA1CC3-E779-40C6-A51D-820480EB534D}"
EndProject
Project("{2150E333-8FDC-42A3-9474-1A3956D46DE8}") = "sandbox", "sandbox", "{9E3C7AE8-1F89-4513-84C1-F6FF29E813EE}"
EndProject
Project("{9A19103F-16F7-4668-BE54-9A1E7A4F7556}") = "Sandbox", "sandbox\Sandbox\Sandbox.csproj", "{D779F3BE-BDB3-46F8-BFB4-11101F956A25}"
EndProject
Global
	GlobalSection(SolutionConfigurationPlatforms) = preSolution
		Debug|Any CPU = Debug|Any CPU
		Release|Any CPU = Release|Any CPU
	EndGlobalSection
	GlobalSection(ProjectConfigurationPlatforms) = postSolution
		{9C64F816-4326-4AAC-BA49-3D831CF806B3}.Debug|Any CPU.ActiveCfg = Debug|Any CPU
		{9C64F816-4326-4AAC-BA49-3D831CF806B3}.Debug|Any CPU.Build.0 = Debug|Any CPU
		{9C64F816-4326-4AAC-BA49-3D831CF806B3}.Release|Any CPU.ActiveCfg = Release|Any CPU
		{9C64F816-4326-4AAC-BA49-3D831CF806B3}.Release|Any CPU.Build.0 = Release|Any CPU
		{6829BE4A-702A-4BE3-8AE6-C797706F8390}.Debug|Any CPU.ActiveCfg = Debug|Any CPU
		{6829BE4A-702A-4BE3-8AE6-C797706F8390}.Debug|Any CPU.Build.0 = Debug|Any CPU
		{6829BE4A-702A-4BE3-8AE6-C797706F8390}.Release|Any CPU.ActiveCfg = Release|Any CPU
		{6829BE4A-702A-4BE3-8AE6-C797706F8390}.Release|Any CPU.Build.0 = Release|Any CPU
		{18077954-5982-4310-A997-DA4C86C40072}.Debug|Any CPU.ActiveCfg = Debug|Any CPU
		{18077954-5982-4310-A997-DA4C86C40072}.Debug|Any CPU.Build.0 = Debug|Any CPU
		{18077954-5982-4310-A997-DA4C86C40072}.Release|Any CPU.ActiveCfg = Release|Any CPU
		{18077954-5982-4310-A997-DA4C86C40072}.Release|Any CPU.Build.0 = Release|Any CPU
		{AE294D5F-0A47-4C4C-B67C-84DF336F996C}.Debug|Any CPU.ActiveCfg = Debug|Any CPU
		{AE294D5F-0A47-4C4C-B67C-84DF336F996C}.Debug|Any CPU.Build.0 = Debug|Any CPU
		{AE294D5F-0A47-4C4C-B67C-84DF336F996C}.Release|Any CPU.ActiveCfg = Release|Any CPU
		{AE294D5F-0A47-4C4C-B67C-84DF336F996C}.Release|Any CPU.Build.0 = Release|Any CPU
		{373150CA-724F-46FC-A22C-6EACA32ECE38}.Debug|Any CPU.ActiveCfg = Debug|Any CPU
		{373150CA-724F-46FC-A22C-6EACA32ECE38}.Debug|Any CPU.Build.0 = Debug|Any CPU
		{373150CA-724F-46FC-A22C-6EACA32ECE38}.Release|Any CPU.ActiveCfg = Release|Any CPU
		{373150CA-724F-46FC-A22C-6EACA32ECE38}.Release|Any CPU.Build.0 = Release|Any CPU
		{3E24BEF7-1098-4E4C-A348-2F9F9F1F753B}.Debug|Any CPU.ActiveCfg = Debug|Any CPU
		{3E24BEF7-1098-4E4C-A348-2F9F9F1F753B}.Debug|Any CPU.Build.0 = Debug|Any CPU
		{3E24BEF7-1098-4E4C-A348-2F9F9F1F753B}.Release|Any CPU.ActiveCfg = Release|Any CPU
		{3E24BEF7-1098-4E4C-A348-2F9F9F1F753B}.Release|Any CPU.Build.0 = Release|Any CPU
		{27FE8813-4557-4074-921B-A29E6AF3AE25}.Debug|Any CPU.ActiveCfg = Debug|Any CPU
		{27FE8813-4557-4074-921B-A29E6AF3AE25}.Debug|Any CPU.Build.0 = Debug|Any CPU
		{27FE8813-4557-4074-921B-A29E6AF3AE25}.Release|Any CPU.ActiveCfg = Release|Any CPU
		{27FE8813-4557-4074-921B-A29E6AF3AE25}.Release|Any CPU.Build.0 = Release|Any CPU
		{10EDDE86-88AB-44D5-AE20-1C2F20775BB9}.Debug|Any CPU.ActiveCfg = Debug|Any CPU
		{10EDDE86-88AB-44D5-AE20-1C2F20775BB9}.Debug|Any CPU.Build.0 = Debug|Any CPU
		{10EDDE86-88AB-44D5-AE20-1C2F20775BB9}.Release|Any CPU.ActiveCfg = Release|Any CPU
		{10EDDE86-88AB-44D5-AE20-1C2F20775BB9}.Release|Any CPU.Build.0 = Release|Any CPU
		{EDD2D6D4-4873-4C69-B8B5-D5B7A39B79DF}.Debug|Any CPU.ActiveCfg = Debug|Any CPU
		{EDD2D6D4-4873-4C69-B8B5-D5B7A39B79DF}.Debug|Any CPU.Build.0 = Debug|Any CPU
		{EDD2D6D4-4873-4C69-B8B5-D5B7A39B79DF}.Release|Any CPU.ActiveCfg = Release|Any CPU
		{EDD2D6D4-4873-4C69-B8B5-D5B7A39B79DF}.Release|Any CPU.Build.0 = Release|Any CPU
		{95915D14-2835-4751-8083-382FCB3B1D65}.Debug|Any CPU.ActiveCfg = Debug|Any CPU
		{95915D14-2835-4751-8083-382FCB3B1D65}.Debug|Any CPU.Build.0 = Debug|Any CPU
		{95915D14-2835-4751-8083-382FCB3B1D65}.Release|Any CPU.ActiveCfg = Release|Any CPU
		{95915D14-2835-4751-8083-382FCB3B1D65}.Release|Any CPU.Build.0 = Release|Any CPU
		{22EDBB6E-8315-472C-A5DC-119820DDF91B}.Debug|Any CPU.ActiveCfg = Debug|Any CPU
		{22EDBB6E-8315-472C-A5DC-119820DDF91B}.Debug|Any CPU.Build.0 = Debug|Any CPU
		{22EDBB6E-8315-472C-A5DC-119820DDF91B}.Release|Any CPU.ActiveCfg = Release|Any CPU
		{22EDBB6E-8315-472C-A5DC-119820DDF91B}.Release|Any CPU.Build.0 = Release|Any CPU
		{F7CB003D-9DD7-4040-AFFC-A931DD627B8E}.Debug|Any CPU.ActiveCfg = Debug|Any CPU
		{F7CB003D-9DD7-4040-AFFC-A931DD627B8E}.Debug|Any CPU.Build.0 = Debug|Any CPU
		{F7CB003D-9DD7-4040-AFFC-A931DD627B8E}.Release|Any CPU.ActiveCfg = Release|Any CPU
		{F7CB003D-9DD7-4040-AFFC-A931DD627B8E}.Release|Any CPU.Build.0 = Release|Any CPU
		{31C71897-012D-43D1-B810-CB6FD4561160}.Debug|Any CPU.ActiveCfg = Debug|Any CPU
		{31C71897-012D-43D1-B810-CB6FD4561160}.Debug|Any CPU.Build.0 = Debug|Any CPU
		{31C71897-012D-43D1-B810-CB6FD4561160}.Release|Any CPU.ActiveCfg = Release|Any CPU
		{31C71897-012D-43D1-B810-CB6FD4561160}.Release|Any CPU.Build.0 = Release|Any CPU
		{F96C3F5E-EC4E-4C9A-A4E1-AEF21B42BD8B}.Debug|Any CPU.ActiveCfg = Debug|Any CPU
		{F96C3F5E-EC4E-4C9A-A4E1-AEF21B42BD8B}.Debug|Any CPU.Build.0 = Debug|Any CPU
		{F96C3F5E-EC4E-4C9A-A4E1-AEF21B42BD8B}.Release|Any CPU.ActiveCfg = Release|Any CPU
		{F96C3F5E-EC4E-4C9A-A4E1-AEF21B42BD8B}.Release|Any CPU.Build.0 = Release|Any CPU
		{5EC8399D-05BC-4833-838C-022E23554F5A}.Debug|Any CPU.ActiveCfg = Debug|Any CPU
		{5EC8399D-05BC-4833-838C-022E23554F5A}.Debug|Any CPU.Build.0 = Debug|Any CPU
		{5EC8399D-05BC-4833-838C-022E23554F5A}.Release|Any CPU.ActiveCfg = Release|Any CPU
		{5EC8399D-05BC-4833-838C-022E23554F5A}.Release|Any CPU.Build.0 = Release|Any CPU
		{1258949B-F130-4B55-BA36-CAF95D5B6C1D}.Debug|Any CPU.ActiveCfg = Debug|Any CPU
		{1258949B-F130-4B55-BA36-CAF95D5B6C1D}.Debug|Any CPU.Build.0 = Debug|Any CPU
		{1258949B-F130-4B55-BA36-CAF95D5B6C1D}.Release|Any CPU.ActiveCfg = Release|Any CPU
		{1258949B-F130-4B55-BA36-CAF95D5B6C1D}.Release|Any CPU.Build.0 = Release|Any CPU
		{A68E8840-C1C4-41DD-AB7B-E06753670750}.Debug|Any CPU.ActiveCfg = Debug|Any CPU
		{A68E8840-C1C4-41DD-AB7B-E06753670750}.Debug|Any CPU.Build.0 = Debug|Any CPU
		{A68E8840-C1C4-41DD-AB7B-E06753670750}.Release|Any CPU.ActiveCfg = Release|Any CPU
		{A68E8840-C1C4-41DD-AB7B-E06753670750}.Release|Any CPU.Build.0 = Release|Any CPU
		{82FA1CC3-E779-40C6-A51D-820480EB534D}.Debug|Any CPU.ActiveCfg = Debug|Any CPU
		{82FA1CC3-E779-40C6-A51D-820480EB534D}.Debug|Any CPU.Build.0 = Debug|Any CPU
		{82FA1CC3-E779-40C6-A51D-820480EB534D}.Release|Any CPU.ActiveCfg = Release|Any CPU
		{82FA1CC3-E779-40C6-A51D-820480EB534D}.Release|Any CPU.Build.0 = Release|Any CPU
		{D779F3BE-BDB3-46F8-BFB4-11101F956A25}.Debug|Any CPU.ActiveCfg = Debug|Any CPU
		{D779F3BE-BDB3-46F8-BFB4-11101F956A25}.Debug|Any CPU.Build.0 = Debug|Any CPU
		{D779F3BE-BDB3-46F8-BFB4-11101F956A25}.Release|Any CPU.ActiveCfg = Release|Any CPU
		{D779F3BE-BDB3-46F8-BFB4-11101F956A25}.Release|Any CPU.Build.0 = Release|Any CPU
	EndGlobalSection
	GlobalSection(SolutionProperties) = preSolution
		HideSolutionNode = FALSE
	EndGlobalSection
	GlobalSection(NestedProjects) = preSolution
		{9C64F816-4326-4AAC-BA49-3D831CF806B3} = {44FCC5BC-BB59-412C-ABEF-5C67BEC09CC9}
		{6829BE4A-702A-4BE3-8AE6-C797706F8390} = {44FCC5BC-BB59-412C-ABEF-5C67BEC09CC9}
		{18077954-5982-4310-A997-DA4C86C40072} = {44FCC5BC-BB59-412C-ABEF-5C67BEC09CC9}
		{AE294D5F-0A47-4C4C-B67C-84DF336F996C} = {44FCC5BC-BB59-412C-ABEF-5C67BEC09CC9}
		{373150CA-724F-46FC-A22C-6EACA32ECE38} = {44FCC5BC-BB59-412C-ABEF-5C67BEC09CC9}
		{3E24BEF7-1098-4E4C-A348-2F9F9F1F753B} = {80D8B91D-2819-4D9F-8D9B-14D53FE55DD0}
		{27FE8813-4557-4074-921B-A29E6AF3AE25} = {80D8B91D-2819-4D9F-8D9B-14D53FE55DD0}
		{10EDDE86-88AB-44D5-AE20-1C2F20775BB9} = {80D8B91D-2819-4D9F-8D9B-14D53FE55DD0}
		{EDD2D6D4-4873-4C69-B8B5-D5B7A39B79DF} = {80D8B91D-2819-4D9F-8D9B-14D53FE55DD0}
		{95915D14-2835-4751-8083-382FCB3B1D65} = {80D8B91D-2819-4D9F-8D9B-14D53FE55DD0}
		{22EDBB6E-8315-472C-A5DC-119820DDF91B} = {C758648D-2768-455B-9A12-0DFA060C09E5}
		{F7CB003D-9DD7-4040-AFFC-A931DD627B8E} = {C758648D-2768-455B-9A12-0DFA060C09E5}
		{31C71897-012D-43D1-B810-CB6FD4561160} = {C758648D-2768-455B-9A12-0DFA060C09E5}
		{F96C3F5E-EC4E-4C9A-A4E1-AEF21B42BD8B} = {C758648D-2768-455B-9A12-0DFA060C09E5}
		{5EC8399D-05BC-4833-838C-022E23554F5A} = {56B196EB-BF62-4C5F-8AAC-998BCE01BCFF}
		{1258949B-F130-4B55-BA36-CAF95D5B6C1D} = {56B196EB-BF62-4C5F-8AAC-998BCE01BCFF}
		{A68E8840-C1C4-41DD-AB7B-E06753670750} = {56B196EB-BF62-4C5F-8AAC-998BCE01BCFF}
		{82FA1CC3-E779-40C6-A51D-820480EB534D} = {56B196EB-BF62-4C5F-8AAC-998BCE01BCFF}
		{D779F3BE-BDB3-46F8-BFB4-11101F956A25} = {9E3C7AE8-1F89-4513-84C1-F6FF29E813EE}
	EndGlobalSection
	GlobalSection(ExtensibilityGlobals) = postSolution
		SolutionGuid = {7F49AF08-C70B-43FD-8813-F60D4570FCFF}
	EndGlobalSection
EndGlobal
